
Microsoft Visual Studio Solution File, Format Version 12.00
# Visual Studio Version 17
VisualStudioVersion = 17.4.33403.182
MinimumVisualStudioVersion = 10.0.40219.1
Project("{FAE04EC0-301F-11D3-BF4B-00C04F79EFBC}") = "BCSH2_Cizek", "BCSHP2_Cizek\BCSH2_Cizek.csproj", "{0FE60800-4DA8-42F8-A163-ACB1DE2992DB}"
EndProject
Global
	GlobalSection(SolutionConfigurationPlatforms) = preSolution
		Debug|Any CPU = Debug|Any CPU
		Release|Any CPU = Release|Any CPU
	EndGlobalSection
	GlobalSection(ProjectConfigurationPlatforms) = postSolution
		{0FE60800-4DA8-42F8-A163-ACB1DE2992DB}.Debug|Any CPU.ActiveCfg = Debug|Any CPU
		{0FE60800-4DA8-42F8-A163-ACB1DE2992DB}.Debug|Any CPU.Build.0 = Debug|Any CPU
		{0FE60800-4DA8-42F8-A163-ACB1DE2992DB}.Release|Any CPU.ActiveCfg = Release|Any CPU
		{0FE60800-4DA8-42F8-A163-ACB1DE2992DB}.Release|Any CPU.Build.0 = Release|Any CPU
	EndGlobalSection
	GlobalSection(SolutionProperties) = preSolution
		HideSolutionNode = FALSE
	EndGlobalSection
	GlobalSection(ExtensibilityGlobals) = postSolution
		SolutionGuid = {5BB4ED23-DB1F-430C-BF0A-6D191613CDE0}
	EndGlobalSection
EndGlobal
